
Microsoft Visual Studio Solution File, Format Version 12.00
# Visual Studio 2013
VisualStudioVersion = 12.0.31101.0
MinimumVisualStudioVersion = 10.0.40219.1
Project("{FAE04EC0-301F-11D3-BF4B-00C04F79EFBC}") = "Xamarin.IncidentApp", "Xamarin.IncidentApp\Xamarin.IncidentApp\Xamarin.IncidentApp.csproj", "{C86ED0E8-9792-43D4-B029-827D5BE682C7}"
EndProject
Project("{FAE04EC0-301F-11D3-BF4B-00C04F79EFBC}") = "Xamarin.IncidentApp.iOS", "Xamarin.IncidentApp\Xamarin.IncidentApp.iOS\Xamarin.IncidentApp.iOS.csproj", "{3DDD7469-65FA-4136-B9C8-1ECF1BDC2366}"
EndProject
Project("{FAE04EC0-301F-11D3-BF4B-00C04F79EFBC}") = "Xamarin.IncidentApp.Droid", "Xamarin.IncidentApp\Xamarin.IncidentApp.Droid\Xamarin.IncidentApp.Droid.csproj", "{C6CBB778-4F33-4D1C-9F52-45EBE989D361}"
EndProject
Project("{2150E333-8FDC-42A3-9474-1A3956D46DE8}") = "Platforms", "Platforms", "{3869909E-FA20-43C3-9E0C-A585CF92D5D8}"
EndProject
Project("{2150E333-8FDC-42A3-9474-1A3956D46DE8}") = "Shared", "Shared", "{560DB7DE-D761-4A2F-BFF3-9503781357F6}"
EndProject
Global
	GlobalSection(SolutionConfigurationPlatforms) = preSolution
		Debug|Any CPU = Debug|Any CPU
		Debug|ARM = Debug|ARM
		Debug|iPhone = Debug|iPhone
		Debug|iPhoneSimulator = Debug|iPhoneSimulator
		Debug|Mixed Platforms = Debug|Mixed Platforms
		Debug|x86 = Debug|x86
		Release|Any CPU = Release|Any CPU
		Release|ARM = Release|ARM
		Release|iPhone = Release|iPhone
		Release|iPhoneSimulator = Release|iPhoneSimulator
		Release|Mixed Platforms = Release|Mixed Platforms
		Release|x86 = Release|x86
	EndGlobalSection
	GlobalSection(ProjectConfigurationPlatforms) = postSolution
		{C86ED0E8-9792-43D4-B029-827D5BE682C7}.Debug|Any CPU.ActiveCfg = Debug|Any CPU
		{C86ED0E8-9792-43D4-B029-827D5BE682C7}.Debug|Any CPU.Build.0 = Debug|Any CPU
		{C86ED0E8-9792-43D4-B029-827D5BE682C7}.Debug|ARM.ActiveCfg = Debug|Any CPU
		{C86ED0E8-9792-43D4-B029-827D5BE682C7}.Debug|iPhone.ActiveCfg = Debug|Any CPU
		{C86ED0E8-9792-43D4-B029-827D5BE682C7}.Debug|iPhoneSimulator.ActiveCfg = Debug|Any CPU
		{C86ED0E8-9792-43D4-B029-827D5BE682C7}.Debug|iPhoneSimulator.Build.0 = Debug|Any CPU
		{C86ED0E8-9792-43D4-B029-827D5BE682C7}.Debug|Mixed Platforms.ActiveCfg = Debug|Any CPU
		{C86ED0E8-9792-43D4-B029-827D5BE682C7}.Debug|Mixed Platforms.Build.0 = Debug|Any CPU
		{C86ED0E8-9792-43D4-B029-827D5BE682C7}.Debug|x86.ActiveCfg = Debug|Any CPU
		{C86ED0E8-9792-43D4-B029-827D5BE682C7}.Release|Any CPU.ActiveCfg = Release|Any CPU
		{C86ED0E8-9792-43D4-B029-827D5BE682C7}.Release|Any CPU.Build.0 = Release|Any CPU
		{C86ED0E8-9792-43D4-B029-827D5BE682C7}.Release|ARM.ActiveCfg = Release|Any CPU
		{C86ED0E8-9792-43D4-B029-827D5BE682C7}.Release|iPhone.ActiveCfg = Release|Any CPU
		{C86ED0E8-9792-43D4-B029-827D5BE682C7}.Release|iPhoneSimulator.ActiveCfg = Release|Any CPU
		{C86ED0E8-9792-43D4-B029-827D5BE682C7}.Release|Mixed Platforms.ActiveCfg = Release|Any CPU
		{C86ED0E8-9792-43D4-B029-827D5BE682C7}.Release|Mixed Platforms.Build.0 = Release|Any CPU
		{C86ED0E8-9792-43D4-B029-827D5BE682C7}.Release|x86.ActiveCfg = Release|Any CPU
		{3DDD7469-65FA-4136-B9C8-1ECF1BDC2366}.Debug|Any CPU.ActiveCfg = Debug|iPhone
		{3DDD7469-65FA-4136-B9C8-1ECF1BDC2366}.Debug|ARM.ActiveCfg = Debug|iPhone
		{3DDD7469-65FA-4136-B9C8-1ECF1BDC2366}.Debug|iPhone.ActiveCfg = Debug|iPhone
		{3DDD7469-65FA-4136-B9C8-1ECF1BDC2366}.Debug|iPhone.Build.0 = Debug|iPhone
		{3DDD7469-65FA-4136-B9C8-1ECF1BDC2366}.Debug|iPhoneSimulator.ActiveCfg = Debug|iPhoneSimulator
		{3DDD7469-65FA-4136-B9C8-1ECF1BDC2366}.Debug|iPhoneSimulator.Build.0 = Debug|iPhoneSimulator
		{3DDD7469-65FA-4136-B9C8-1ECF1BDC2366}.Debug|Mixed Platforms.ActiveCfg = Debug|iPhone
		{3DDD7469-65FA-4136-B9C8-1ECF1BDC2366}.Debug|Mixed Platforms.Build.0 = Debug|iPhone
		{3DDD7469-65FA-4136-B9C8-1ECF1BDC2366}.Debug|x86.ActiveCfg = Debug|iPhone
		{3DDD7469-65FA-4136-B9C8-1ECF1BDC2366}.Release|Any CPU.ActiveCfg = Release|iPhone
		{3DDD7469-65FA-4136-B9C8-1ECF1BDC2366}.Release|ARM.ActiveCfg = Release|iPhone
		{3DDD7469-65FA-4136-B9C8-1ECF1BDC2366}.Release|iPhone.ActiveCfg = Release|iPhone
		{3DDD7469-65FA-4136-B9C8-1ECF1BDC2366}.Release|iPhone.Build.0 = Release|iPhone
		{3DDD7469-65FA-4136-B9C8-1ECF1BDC2366}.Release|iPhoneSimulator.ActiveCfg = Release|iPhoneSimulator
		{3DDD7469-65FA-4136-B9C8-1ECF1BDC2366}.Release|iPhoneSimulator.Build.0 = Release|iPhoneSimulator
		{3DDD7469-65FA-4136-B9C8-1ECF1BDC2366}.Release|Mixed Platforms.ActiveCfg = Release|iPhone
		{3DDD7469-65FA-4136-B9C8-1ECF1BDC2366}.Release|Mixed Platforms.Build.0 = Release|iPhone
		{3DDD7469-65FA-4136-B9C8-1ECF1BDC2366}.Release|x86.ActiveCfg = Release|iPhone
		{C6CBB778-4F33-4D1C-9F52-45EBE989D361}.Debug|Any CPU.ActiveCfg = Debug|Any CPU
		{C6CBB778-4F33-4D1C-9F52-45EBE989D361}.Debug|Any CPU.Build.0 = Debug|Any CPU
		{C6CBB778-4F33-4D1C-9F52-45EBE989D361}.Debug|Any CPU.Deploy.0 = Debug|Any CPU
		{C6CBB778-4F33-4D1C-9F52-45EBE989D361}.Debug|ARM.ActiveCfg = Debug|Any CPU
		{C6CBB778-4F33-4D1C-9F52-45EBE989D361}.Debug|iPhone.ActiveCfg = Debug|Any CPU
		{C6CBB778-4F33-4D1C-9F52-45EBE989D361}.Debug|iPhoneSimulator.ActiveCfg = Debug|Any CPU
		{C6CBB778-4F33-4D1C-9F52-45EBE989D361}.Debug|Mixed Platforms.ActiveCfg = Debug|Any CPU
		{C6CBB778-4F33-4D1C-9F52-45EBE989D361}.Debug|Mixed Platforms.Build.0 = Debug|Any CPU
		{C6CBB778-4F33-4D1C-9F52-45EBE989D361}.Debug|Mixed Platforms.Deploy.0 = Debug|Any CPU
		{C6CBB778-4F33-4D1C-9F52-45EBE989D361}.Debug|x86.ActiveCfg = Debug|Any CPU
		{C6CBB778-4F33-4D1C-9F52-45EBE989D361}.Release|Any CPU.ActiveCfg = Release|Any CPU
		{C6CBB778-4F33-4D1C-9F52-45EBE989D361}.Release|Any CPU.Build.0 = Release|Any CPU
		{C6CBB778-4F33-4D1C-9F52-45EBE989D361}.Release|Any CPU.Deploy.0 = Release|Any CPU
		{C6CBB778-4F33-4D1C-9F52-45EBE989D361}.Release|ARM.ActiveCfg = Release|Any CPU
		{C6CBB778-4F33-4D1C-9F52-45EBE989D361}.Release|iPhone.ActiveCfg = Release|Any CPU
		{C6CBB778-4F33-4D1C-9F52-45EBE989D361}.Release|iPhoneSimulator.ActiveCfg = Release|Any CPU
		{C6CBB778-4F33-4D1C-9F52-45EBE989D361}.Release|Mixed Platforms.ActiveCfg = Release|Any CPU
		{C6CBB778-4F33-4D1C-9F52-45EBE989D361}.Release|Mixed Platforms.Build.0 = Release|Any CPU
		{C6CBB778-4F33-4D1C-9F52-45EBE989D361}.Release|Mixed Platforms.Deploy.0 = Release|Any CPU
		{C6CBB778-4F33-4D1C-9F52-45EBE989D361}.Release|x86.ActiveCfg = Release|Any CPU
	EndGlobalSection
	GlobalSection(SolutionProperties) = preSolution
		HideSolutionNode = FALSE
	EndGlobalSection
	GlobalSection(NestedProjects) = preSolution
		{C86ED0E8-9792-43D4-B029-827D5BE682C7} = {560DB7DE-D761-4A2F-BFF3-9503781357F6}
		{3DDD7469-65FA-4136-B9C8-1ECF1BDC2366} = {3869909E-FA20-43C3-9E0C-A585CF92D5D8}
		{C6CBB778-4F33-4D1C-9F52-45EBE989D361} = {3869909E-FA20-43C3-9E0C-A585CF92D5D8}
	EndGlobalSection
EndGlobal
